PODS:
  - JuLayout/LayoutObjC (1.0):
    - JuLayout/LayoutSwift
  - JuLayout/LayoutSwift (1.0)

DEPENDENCIES:
  - JuLayout/LayoutObjC (from `./`)

EXTERNAL SOURCES:
  JuLayout:
    :path: "./"

SPEC CHECKSUMS:
  JuLayout: 4072b608158f80ece641346b9a92fd3dba28b692

PODFILE CHECKSUM: 620cc3026e0b066cc328d328432a547b9fa2280a

COCOAPODS: 1.10.1
