PODS:
  - JuLayout (1.0):
    - JuLayout/LayoutObjC (= 1.0)
    - JuLayout/LayoutSwift (= 1.0)
  - JuLayout/LayoutObjC (1.0)
  - JuLayout/LayoutSwift (1.0)

DEPENDENCIES:
  - JuLayout (from `../`)

EXTERNAL SOURCES:
  JuLayout:
    :path: "../"

SPEC CHECKSUMS:
  JuLayout: d481e19acfcbcfd9a3b471392ad985020795dd91

PODFILE CHECKSUM: 1fec9d11a9ba6691fbfc03894996e2e2ce360163

COCOAPODS: 1.10.1
