// !$*UTF8*$!
{
	archiveVersion = 1;
	classes = {
	};
	objectVersion = 46;
	objects = {

/* Begin PBXBuildFile section */
		DC0DB5691E051A6000BA2996 /* JussLayout.swift in Sources */ = {isa = PBXBuildFile; fileRef = DC0DB5631E051A6000BA2996 /* JussLayout.swift */; };
		DC0DB56A1E051A6000BA2996 /* UIView+Frame.swift in Sources */ = {isa = PBXBuildFile; fileRef = DC0DB5641E051A6000BA2996 /* UIView+Frame.swift */; };
		DC0DB56B1E051A6000BA2996 /* UIView+JuConstraint.swift in Sources */ = {isa = PBXBuildFile; fileRef = DC0DB5651E051A6000BA2996 /* UIView+JuConstraint.swift */; };
		DC0DB56C1E051A6000BA2996 /* UIView+JuLayGroup.swift in Sources */ = {isa = PBXBuildFile; fileRef = DC0DB5661E051A6000BA2996 /* UIView+JuLayGroup.swift */; };
		DC0DB56D1E051A6000BA2996 /* UIView+JuLayout.swift in Sources */ = {isa = PBXBuildFile; fileRef = DC0DB5671E051A6000BA2996 /* UIView+JuLayout.swift */; };
		DC0DB57D1E051E4B00BA2996 /* JuOCViewController.m in Sources */ = {isa = PBXBuildFile; fileRef = DC0DB57C1E051E4B00BA2996 /* JuOCViewController.m */; };
		DC0DB5961E05399B00BA2996 /* JuLayout.m in Sources */ = {isa = PBXBuildFile; fileRef = DC0DB58F1E05399B00BA2996 /* JuLayout.m */; };
		DC0DB5971E05399B00BA2996 /* UIView+JuConstraint.m in Sources */ = {isa = PBXBuildFile; fileRef = DC0DB5911E05399B00BA2996 /* UIView+JuConstraint.m */; };
		DC0DB5981E05399B00BA2996 /* UIView+JuLayGroup.m in Sources */ = {isa = PBXBuildFile; fileRef = DC0DB5931E05399B00BA2996 /* UIView+JuLayGroup.m */; };
		DC0DB5991E05399B00BA2996 /* UIView+JuLayout.m in Sources */ = {isa = PBXBuildFile; fileRef = DC0DB5951E05399B00BA2996 /* UIView+JuLayout.m */; };
		EB169ED51E0390FE00687FE3 /* AppDelegate.swift in Sources */ = {isa = PBXBuildFile; fileRef = EB169ED41E0390FE00687FE3 /* AppDelegate.swift */; };
		EB169ED71E0390FE00687FE3 /* ViewController.swift in Sources */ = {isa = PBXBuildFile; fileRef = EB169ED61E0390FE00687FE3 /* ViewController.swift */; };
		EB169EDA1E0390FE00687FE3 /* Main.storyboard in Resources */ = {isa = PBXBuildFile; fileRef = EB169ED81E0390FE00687FE3 /* Main.storyboard */; };
		EB169EDC1E0390FE00687FE3 /* Assets.xcassets in Resources */ = {isa = PBXBuildFile; fileRef = EB169EDB1E0390FE00687FE3 /* Assets.xcassets */; };
		EB169EDF1E0390FE00687FE3 /* LaunchScreen.storyboard in Resources */ = {isa = PBXBuildFile; fileRef = EB169EDD1E0390FE00687FE3 /* LaunchScreen.storyboard */; };
/* End PBXBuildFile section */

/* Begin PBXFileReference section */
		DC0DB5631E051A6000BA2996 /* JussLayout.swift */ = {isa = PBXFileReference; fileEncoding = 4; lastKnownFileType = sourcecode.swift; path = JussLayout.swift; sourceTree = "<group>"; };
		DC0DB5641E051A6000BA2996 /* UIView+Frame.swift */ = {isa = PBXFileReference; fileEncoding = 4; lastKnownFileType = sourcecode.swift; path = "UIView+Frame.swift"; sourceTree = "<group>"; };
		DC0DB5651E051A6000BA2996 /* UIView+JuConstraint.swift */ = {isa = PBXFileReference; fileEncoding = 4; lastKnownFileType = sourcecode.swift; path = "UIView+JuConstraint.swift"; sourceTree = "<group>"; };
		DC0DB5661E051A6000BA2996 /* UIView+JuLayGroup.swift */ = {isa = PBXFileReference; fileEncoding = 4; lastKnownFileType = sourcecode.swift; path = "UIView+JuLayGroup.swift"; sourceTree = "<group>"; };
		DC0DB5671E051A6000BA2996 /* UIView+JuLayout.swift */ = {isa = PBXFileReference; fileEncoding = 4; lastKnownFileType = sourcecode.swift; path = "UIView+JuLayout.swift"; sourceTree = "<group>"; };
		DC0DB57B1E051E4B00BA2996 /* JuOCViewController.h */ = {isa = PBXFileReference; fileEncoding = 4; lastKnownFileType = sourcecode.c.h; path = JuOCViewController.h; sourceTree = "<group>"; };
		DC0DB57C1E051E4B00BA2996 /* JuOCViewController.m */ = {isa = PBXFileReference; fileEncoding = 4; lastKnownFileType = sourcecode.c.objc; path = JuOCViewController.m; sourceTree = "<group>"; };
		DC0DB58D1E05399B00BA2996 /* JuLayout-Bridging-Header.h */ = {isa = PBXFileReference; fileEncoding = 4; lastKnownFileType = sourcecode.c.h; path = "JuLayout-Bridging-Header.h"; sourceTree = "<group>"; };
		DC0DB58E1E05399B00BA2996 /* JuLayout.h */ = {isa = PBXFileReference; fileEncoding = 4; lastKnownFileType = sourcecode.c.h; path = JuLayout.h; sourceTree = "<group>"; };
		DC0DB58F1E05399B00BA2996 /* JuLayout.m */ = {isa = PBXFileReference; fileEncoding = 4; lastKnownFileType = sourcecode.c.objc; path = JuLayout.m; sourceTree = "<group>"; };
		DC0DB5901E05399B00BA2996 /* UIView+JuConstraint.h */ = {isa = PBXFileReference; fileEncoding = 4; lastKnownFileType = sourcecode.c.h; path = "UIView+JuConstraint.h"; sourceTree = "<group>"; };
		DC0DB5911E05399B00BA2996 /* UIView+JuConstraint.m */ = {isa = PBXFileReference; fileEncoding = 4; lastKnownFileType = sourcecode.c.objc; path = "UIView+JuConstraint.m"; sourceTree = "<group>"; };
		DC0DB5921E05399B00BA2996 /* UIView+JuLayGroup.h */ = {isa = PBXFileReference; fileEncoding = 4; lastKnownFileType = sourcecode.c.h; path = "UIView+JuLayGroup.h"; sourceTree = "<group>"; };
		DC0DB5931E05399B00BA2996 /* UIView+JuLayGroup.m */ = {isa = PBXFileReference; fileEncoding = 4; lastKnownFileType = sourcecode.c.objc; path = "UIView+JuLayGroup.m"; sourceTree = "<group>"; };
		DC0DB5941E05399B00BA2996 /* UIView+JuLayout.h */ = {isa = PBXFileReference; fileEncoding = 4; lastKnownFileType = sourcecode.c.h; path = "UIView+JuLayout.h"; sourceTree = "<group>"; };
		DC0DB5951E05399B00BA2996 /* UIView+JuLayout.m */ = {isa = PBXFileReference; fileEncoding = 4; lastKnownFileType = sourcecode.c.objc; path = "UIView+JuLayout.m"; sourceTree = "<group>"; };
		EB169ED11E0390FE00687FE3 /* JuLayout.app */ = {isa = PBXFileReference; explicitFileType = wrapper.application; includeInIndex = 0; path = JuLayout.app; sourceTree = BUILT_PRODUCTS_DIR; };
		EB169ED41E0390FE00687FE3 /* AppDelegate.swift */ = {isa = PBXFileReference; lastKnownFileType = sourcecode.swift; path = AppDelegate.swift; sourceTree = "<group>"; };
		EB169ED61E0390FE00687FE3 /* ViewController.swift */ = {isa = PBXFileReference; lastKnownFileType = sourcecode.swift; path = ViewController.swift; sourceTree = "<group>"; };
		EB169ED91E0390FE00687FE3 /* Base */ = {isa = PBXFileReference; lastKnownFileType = file.storyboard; name = Base; path = Base.lproj/Main.storyboard; sourceTree = "<group>"; };
		EB169EDB1E0390FE00687FE3 /* Assets.xcassets */ = {isa = PBXFileReference; lastKnownFileType = folder.assetcatalog; path = Assets.xcassets; sourceTree = "<group>"; };
		EB169EDE1E0390FE00687FE3 /* Base */ = {isa = PBXFileReference; lastKnownFileType = file.storyboard; name = Base; path = Base.lproj/LaunchScreen.storyboard; sourceTree = "<group>"; };
		EB169EE01E0390FE00687FE3 /* Info.plist */ = {isa = PBXFileReference; lastKnownFileType = text.plist.xml; path = Info.plist; sourceTree = "<group>"; };
/* End PBXFileReference section */

/* Begin PBXFrameworksBuildPhase section */
		EB169ECE1E0390FE00687FE3 /* Frameworks */ = {
			isa = PBXFrameworksBuildPhase;
			buildActionMask = 2147483647;
			files = (
			);
			runOnlyForDeploymentPostprocessing = 0;
		};
/* End PBXFrameworksBuildPhase section */

/* Begin PBXGroup section */
		DC0DB5621E051A6000BA2996 /* SwiftLayout */ = {
			isa = PBXGroup;
			children = (
				DC0DB5631E051A6000BA2996 /* JussLayout.swift */,
				DC0DB5641E051A6000BA2996 /* UIView+Frame.swift */,
				DC0DB5651E051A6000BA2996 /* UIView+JuConstraint.swift */,
				DC0DB5661E051A6000BA2996 /* UIView+JuLayGroup.swift */,
				DC0DB5671E051A6000BA2996 /* UIView+JuLayout.swift */,
			);
			path = SwiftLayout;
			sourceTree = "<group>";
		};
		DC0DB58C1E05399B00BA2996 /* OCLayout */ = {
			isa = PBXGroup;
			children = (
				DC0DB58D1E05399B00BA2996 /* JuLayout-Bridging-Header.h */,
				DC0DB58E1E05399B00BA2996 /* JuLayout.h */,
				DC0DB58F1E05399B00BA2996 /* JuLayout.m */,
				DC0DB5901E05399B00BA2996 /* UIView+JuConstraint.h */,
				DC0DB5911E05399B00BA2996 /* UIView+JuConstraint.m */,
				DC0DB5921E05399B00BA2996 /* UIView+JuLayGroup.h */,
				DC0DB5931E05399B00BA2996 /* UIView+JuLayGroup.m */,
				DC0DB5941E05399B00BA2996 /* UIView+JuLayout.h */,
				DC0DB5951E05399B00BA2996 /* UIView+JuLayout.m */,
			);
			path = OCLayout;
			sourceTree = "<group>";
		};
		EB169EC81E0390FE00687FE3 = {
			isa = PBXGroup;
			children = (
				EB169ED31E0390FE00687FE3 /* JuLayout */,
				EB169ED21E0390FE00687FE3 /* Products */,
			);
			sourceTree = "<group>";
		};
		EB169ED21E0390FE00687FE3 /* Products */ = {
			isa = PBXGroup;
			children = (
				EB169ED11E0390FE00687FE3 /* JuLayout.app */,
			);
			name = Products;
			sourceTree = "<group>";
		};
		EB169ED31E0390FE00687FE3 /* JuLayout */ = {
			isa = PBXGroup;
			children = (
				DC0DB58C1E05399B00BA2996 /* OCLayout */,
				DC0DB5621E051A6000BA2996 /* SwiftLayout */,
				EB169ED41E0390FE00687FE3 /* AppDelegate.swift */,
				EB169ED61E0390FE00687FE3 /* ViewController.swift */,
				DC0DB57B1E051E4B00BA2996 /* JuOCViewController.h */,
				DC0DB57C1E051E4B00BA2996 /* JuOCViewController.m */,
				EB169ED81E0390FE00687FE3 /* Main.storyboard */,
				EB169EDB1E0390FE00687FE3 /* Assets.xcassets */,
				EB169EDD1E0390FE00687FE3 /* LaunchScreen.storyboard */,
				EB169EE01E0390FE00687FE3 /* Info.plist */,
			);
			path = JuLayout;
			sourceTree = "<group>";
		};
/* End PBXGroup section */

/* Begin PBXNativeTarget section */
		EB169ED01E0390FE00687FE3 /* JuLayout */ = {
			isa = PBXNativeTarget;
			buildConfigurationList = EB169EE31E0390FE00687FE3 /* Build configuration list for PBXNativeTarget "JuLayout" */;
			buildPhases = (
				EB169ECD1E0390FE00687FE3 /* Sources */,
				EB169ECE1E0390FE00687FE3 /* Frameworks */,
				EB169ECF1E0390FE00687FE3 /* Resources */,
			);
			buildRules = (
			);
			dependencies = (
			);
			name = JuLayout;
			productName = JuLayout;
			productReference = EB169ED11E0390FE00687FE3 /* JuLayout.app */;
			productType = "com.apple.product-type.application";
		};
/* End PBXNativeTarget section */

/* Begin PBXProject section */
		EB169EC91E0390FE00687FE3 /* Project object */ = {
			isa = PBXProject;
			attributes = {
				CLASSPREFIX = Ju;
				LastSwiftUpdateCheck = 0820;
				LastUpgradeCheck = 0820;
				ORGANIZATIONNAME = "Juvid(zhutianwei)";
				TargetAttributes = {
					EB169ED01E0390FE00687FE3 = {
						CreatedOnToolsVersion = 8.2;
						DevelopmentTeam = 3Y5SHRC9L9;
						LastSwiftMigration = 0820;
						ProvisioningStyle = Automatic;
					};
				};
			};
			buildConfigurationList = EB169ECC1E0390FE00687FE3 /* Build configuration list for PBXProject "JuLayout" */;
			compatibilityVersion = "Xcode 3.2";
			developmentRegion = English;
			hasScannedForEncodings = 0;
			knownRegions = (
				en,
				Base,
			);
			mainGroup = EB169EC81E0390FE00687FE3;
			productRefGroup = EB169ED21E0390FE00687FE3 /* Products */;
			projectDirPath = "";
			projectRoot = "";
			targets = (
				EB169ED01E0390FE00687FE3 /* JuLayout */,
			);
		};
/* End PBXProject section */

/* Begin PBXResourcesBuildPhase section */
		EB169ECF1E0390FE00687FE3 /* Resources */ = {
			isa = PBXResourcesBuildPhase;
			buildActionMask = 2147483647;
			files = (
				EB169EDF1E0390FE00687FE3 /* LaunchScreen.storyboard in Resources */,
				EB169EDC1E0390FE00687FE3 /* Assets.xcassets in Resources */,
				EB169EDA1E0390FE00687FE3 /* Main.storyboard in Resources */,
			);
			runOnlyForDeploymentPostprocessing = 0;
		};
/* End PBXResourcesBuildPhase section */

/* Begin PBXSourcesBuildPhase section */
		EB169ECD1E0390FE00687FE3 /* Sources */ = {
			isa = PBXSourcesBuildPhase;
			buildActionMask = 2147483647;
			files = (
				DC0DB56B1E051A6000BA2996 /* UIView+JuConstraint.swift in Sources */,
				DC0DB5961E05399B00BA2996 /* JuLayout.m in Sources */,
				DC0DB57D1E051E4B00BA2996 /* JuOCViewController.m in Sources */,
				DC0DB56A1E051A6000BA2996 /* UIView+Frame.swift in Sources */,
				EB169ED71E0390FE00687FE3 /* ViewController.swift in Sources */,
				DC0DB5691E051A6000BA2996 /* JussLayout.swift in Sources */,
				DC0DB5981E05399B00BA2996 /* UIView+JuLayGroup.m in Sources */,
				DC0DB56C1E051A6000BA2996 /* UIView+JuLayGroup.swift in Sources */,
				EB169ED51E0390FE00687FE3 /* AppDelegate.swift in Sources */,
				DC0DB5991E05399B00BA2996 /* UIView+JuLayout.m in Sources */,
				DC0DB5971E05399B00BA2996 /* UIView+JuConstraint.m in Sources */,
				DC0DB56D1E051A6000BA2996 /* UIView+JuLayout.swift in Sources */,
			);
			runOnlyForDeploymentPostprocessing = 0;
		};
/* End PBXSourcesBuildPhase section */

/* Begin PBXVariantGroup section */
		EB169ED81E0390FE00687FE3 /* Main.storyboard */ = {
			isa = PBXVariantGroup;
			children = (
				EB169ED91E0390FE00687FE3 /* Base */,
			);
			name = Main.storyboard;
			sourceTree = "<group>";
		};
		EB169EDD1E0390FE00687FE3 /* LaunchScreen.storyboard */ = {
			isa = PBXVariantGroup;
			children = (
				EB169EDE1E0390FE00687FE3 /* Base */,
			);
			name = LaunchScreen.storyboard;
			sourceTree = "<group>";
		};
/* End PBXVariantGroup section */

/* Begin XCBuildConfiguration section */
		EB169EE11E0390FE00687FE3 /* Debug */ = {
			isa = XCBuildConfiguration;
			buildSettings = {
				ALWAYS_SEARCH_USER_PATHS = NO;
				CLANG_ANALYZER_NONNULL = YES;
				CLANG_CXX_LANGUAGE_STANDARD = "gnu++0x";
				CLANG_CXX_LIBRARY = "libc++";
				CLANG_ENABLE_MODULES = YES;
				CLANG_ENABLE_OBJC_ARC = YES;
				CLANG_WARN_BOOL_CONVERSION = YES;
				CLANG_WARN_CONSTANT_CONVERSION = YES;
				CLANG_WARN_DIRECT_OBJC_ISA_USAGE = YES_ERROR;
				CLANG_WARN_DOCUMENTATION_COMMENTS = YES;
				CLANG_WARN_EMPTY_BODY = YES;
				CLANG_WARN_ENUM_CONVERSION = YES;
				CLANG_WARN_INFINITE_RECURSION = YES;
				CLANG_WARN_INT_CONVERSION = YES;
				CLANG_WARN_OBJC_ROOT_CLASS = YES_ERROR;
				CLANG_WARN_SUSPICIOUS_MOVE = YES;
				CLANG_WARN_UNREACHABLE_CODE = YES;
				CLANG_WARN__DUPLICATE_METHOD_MATCH = YES;
				"CODE_SIGN_IDENTITY[sdk=iphoneos*]" = "iPhone Developer";
				COPY_PHASE_STRIP = NO;
				DEBUG_INFORMATION_FORMAT = dwarf;
				ENABLE_STRICT_OBJC_MSGSEND = YES;
				ENABLE_TESTABILITY = YES;
				GCC_C_LANGUAGE_STANDARD = gnu99;
				GCC_DYNAMIC_NO_PIC = NO;
				GCC_NO_COMMON_BLOCKS = YES;
				GCC_OPTIMIZATION_LEVEL = 0;
				GCC_PREPROCESSOR_DEFINITIONS = (
					"DEBUG=1",
					"$(inherited)",
				);
				GCC_WARN_64_TO_32_BIT_CONVERSION = YES;
				GCC_WARN_ABOUT_RETURN_TYPE = YES_ERROR;
				GCC_WARN_UNDECLARED_SELECTOR = YES;
				GCC_WARN_UNINITIALIZED_AUTOS = YES_AGGRESSIVE;
				GCC_WARN_UNUSED_FUNCTION = YES;
				GCC_WARN_UNUSED_VARIABLE = YES;
				IPHONEOS_DEPLOYMENT_TARGET = 10.2;
				MTL_ENABLE_DEBUG_INFO = YES;
				ONLY_ACTIVE_ARCH = YES;
				SDKROOT = iphoneos;
				SWIFT_ACTIVE_COMPILATION_CONDITIONS = DEBUG;
				SWIFT_OPTIMIZATION_LEVEL = "-Onone";
				TARGETED_DEVICE_FAMILY = "1,2";
			};
			name = Debug;
		};
		EB169EE21E0390FE00687FE3 /* Release */ = {
			isa = XCBuildConfiguration;
			buildSettings = {
				ALWAYS_SEARCH_USER_PATHS = NO;
				CLANG_ANALYZER_NONNULL = YES;
				CLANG_CXX_LANGUAGE_STANDARD = "gnu++0x";
				CLANG_CXX_LIBRARY = "libc++";
				CLANG_ENABLE_MODULES = YES;
				CLANG_ENABLE_OBJC_ARC = YES;
				CLANG_WARN_BOOL_CONVERSION = YES;
				CLANG_WARN_CONSTANT_CONVERSION = YES;
				CLANG_WARN_DIRECT_OBJC_ISA_USAGE = YES_ERROR;
				CLANG_WARN_DOCUMENTATION_COMMENTS = YES;
				CLANG_WARN_EMPTY_BODY = YES;
				CLANG_WARN_ENUM_CONVERSION = YES;
				CLANG_WARN_INFINITE_RECURSION = YES;
				CLANG_WARN_INT_CONVERSION = YES;
				CLANG_WARN_OBJC_ROOT_CLASS = YES_ERROR;
				CLANG_WARN_SUSPICIOUS_MOVE = YES;
				CLANG_WARN_UNREACHABLE_CODE = YES;
				CLANG_WARN__DUPLICATE_METHOD_MATCH = YES;
				"CODE_SIGN_IDENTITY[sdk=iphoneos*]" = "iPhone Developer";
				COPY_PHASE_STRIP = NO;
				DEBUG_INFORMATION_FORMAT = "dwarf-with-dsym";
				ENABLE_NS_ASSERTIONS = NO;
				ENABLE_STRICT_OBJC_MSGSEND = YES;
				GCC_C_LANGUAGE_STANDARD = gnu99;
				GCC_NO_COMMON_BLOCKS = YES;
				GCC_WARN_64_TO_32_BIT_CONVERSION = YES;
				GCC_WARN_ABOUT_RETURN_TYPE = YES_ERROR;
				GCC_WARN_UNDECLARED_SELECTOR = YES;
				GCC_WARN_UNINITIALIZED_AUTOS = YES_AGGRESSIVE;
				GCC_WARN_UNUSED_FUNCTION = YES;
				GCC_WARN_UNUSED_VARIABLE = YES;
				IPHONEOS_DEPLOYMENT_TARGET = 10.2;
				MTL_ENABLE_DEBUG_INFO = NO;
				SDKROOT = iphoneos;
				SWIFT_OPTIMIZATION_LEVEL = "-Owholemodule";
				TARGETED_DEVICE_FAMILY = "1,2";
				VALIDATE_PRODUCT = YES;
			};
			name = Release;
		};
		EB169EE41E0390FE00687FE3 /* Debug */ = {
			isa = XCBuildConfiguration;
			buildSettings = {
				ASSETCATALOG_COMPILER_APPICON_NAME = AppIcon;
				CLANG_ENABLE_MODULES = YES;
				DEVELOPMENT_TEAM = 3Y5SHRC9L9;
				INFOPLIST_FILE = JuLayout/Info.plist;
				LD_RUNPATH_SEARCH_PATHS = "$(inherited) @executable_path/Frameworks";
				PRODUCT_BUNDLE_IDENTIFIER = com.wbitech.JuLayout;
				PRODUCT_NAME = "$(TARGET_NAME)";
				SWIFT_OBJC_BRIDGING_HEADER = "JuLayout/OCLayout/JuLayout-Bridging-Header.h";
				SWIFT_OPTIMIZATION_LEVEL = "-Onone";
				SWIFT_VERSION = 3.0;
			};
			name = Debug;
		};
		EB169EE51E0390FE00687FE3 /* Release */ = {
			isa = XCBuildConfiguration;
			buildSettings = {
				ASSETCATALOG_COMPILER_APPICON_NAME = AppIcon;
				CLANG_ENABLE_MODULES = YES;
				DEVELOPMENT_TEAM = 3Y5SHRC9L9;
				INFOPLIST_FILE = JuLayout/Info.plist;
				LD_RUNPATH_SEARCH_PATHS = "$(inherited) @executable_path/Frameworks";
				PRODUCT_BUNDLE_IDENTIFIER = com.wbitech.JuLayout;
				PRODUCT_NAME = "$(TARGET_NAME)";
				SWIFT_OBJC_BRIDGING_HEADER = "JuLayout/OCLayout/JuLayout-Bridging-Header.h";
				SWIFT_VERSION = 3.0;
			};
			name = Release;
		};
/* End XCBuildConfiguration section */

/* Begin XCConfigurationList section */
		EB169ECC1E0390FE00687FE3 /* Build configuration list for PBXProject "JuLayout" */ = {
			isa = XCConfigurationList;
			buildConfigurations = (
				EB169EE11E0390FE00687FE3 /* Debug */,
				EB169EE21E0390FE00687FE3 /* Release */,
			);
			defaultConfigurationIsVisible = 0;
			defaultConfigurationName = Release;
		};
		EB169EE31E0390FE00687FE3 /* Build configuration list for PBXNativeTarget "JuLayout" */ = {
			isa = XCConfigurationList;
			buildConfigurations = (
				EB169EE41E0390FE00687FE3 /* Debug */,
				EB169EE51E0390FE00687FE3 /* Release */,
			);
			defaultConfigurationIsVisible = 0;
			defaultConfigurationName = Release;
		};
/* End XCConfigurationList section */
	};
	rootObject = EB169EC91E0390FE00687FE3 /* Project object */;
}
